
Microsoft Visual Studio Solution File, Format Version 12.00
# Visual Studio Version 17
VisualStudioVersion = 17.7.34302.85
MinimumVisualStudioVersion = 10.0.40219.1
Project("{FAE04EC0-301F-11D3-BF4B-00C04F79EFBC}") = "DesignPatterns", "DesignPatterns\DesignPatterns.csproj", "{10960753-CC96-4F35-AB86-F74EE16CEC8E}"
EndProject
Global
	GlobalSection(SolutionConfigurationPlatforms) = preSolution
		Debug|Any CPU = Debug|Any CPU
		Release|Any CPU = Release|Any CPU
	EndGlobalSection
	GlobalSection(ProjectConfigurationPlatforms) = postSolution
		{10960753-CC96-4F35-AB86-F74EE16CEC8E}.Debug|Any CPU.ActiveCfg = Debug|Any CPU
		{10960753-CC96-4F35-AB86-F74EE16CEC8E}.Debug|Any CPU.Build.0 = Debug|Any CPU
		{10960753-CC96-4F35-AB86-F74EE16CEC8E}.Release|Any CPU.ActiveCfg = Release|Any CPU
		{10960753-CC96-4F35-AB86-F74EE16CEC8E}.Release|Any CPU.Build.0 = Release|Any CPU
	EndGlobalSection
	GlobalSection(SolutionProperties) = preSolution
		HideSolutionNode = FALSE
	EndGlobalSection
	GlobalSection(ExtensibilityGlobals) = postSolution
		SolutionGuid = {C04CACDA-8D26-4411-8FDC-D7AA61F7C14B}
	EndGlobalSection
EndGlobal
